
Microsoft Visual Studio Solution File, Format Version 12.00
# Visual Studio Version 17
VisualStudioVersion = 17.8.34408.163
MinimumVisualStudioVersion = 10.0.40219.1
Project("{9A19103F-16F7-4668-BE54-9A1E7A4F7556}") = "PaparaBootcamp.Homework1", "PaparaBootcamp.Homework1\PaparaBootcamp.Homework1.csproj", "{1F446EA4-A2C1-41D6-9D35-EABEFB472561}"
EndProject
Project("{9A19103F-16F7-4668-BE54-9A1E7A4F7556}") = "PaparaBootcamp.Homework2", "PaparaBootcamp.Homework2\PaparaBootcamp.Homework2.csproj", "{189255F2-EA4A-4848-B8BC-360AF1F727E1}"
EndProject
Project("{9A19103F-16F7-4668-BE54-9A1E7A4F7556}") = "PaparaBootcamp.Homework3", "PaparaBootcamp.Homework3\PaparaBootcamp.Homework3.csproj", "{B26655A8-72C8-4BE4-9E51-8EB53CEE4B22}"
EndProject
Global
	GlobalSection(SolutionConfigurationPlatforms) = preSolution
		Debug|Any CPU = Debug|Any CPU
		Release|Any CPU = Release|Any CPU
	EndGlobalSection
	GlobalSection(ProjectConfigurationPlatforms) = postSolution
		{1F446EA4-A2C1-41D6-9D35-EABEFB472561}.Debug|Any CPU.ActiveCfg = Debug|Any CPU
		{1F446EA4-A2C1-41D6-9D35-EABEFB472561}.Debug|Any CPU.Build.0 = Debug|Any CPU
		{1F446EA4-A2C1-41D6-9D35-EABEFB472561}.Release|Any CPU.ActiveCfg = Release|Any CPU
		{1F446EA4-A2C1-41D6-9D35-EABEFB472561}.Release|Any CPU.Build.0 = Release|Any CPU
		{189255F2-EA4A-4848-B8BC-360AF1F727E1}.Debug|Any CPU.ActiveCfg = Debug|Any CPU
		{189255F2-EA4A-4848-B8BC-360AF1F727E1}.Debug|Any CPU.Build.0 = Debug|Any CPU
		{189255F2-EA4A-4848-B8BC-360AF1F727E1}.Release|Any CPU.ActiveCfg = Release|Any CPU
		{189255F2-EA4A-4848-B8BC-360AF1F727E1}.Release|Any CPU.Build.0 = Release|Any CPU
		{B26655A8-72C8-4BE4-9E51-8EB53CEE4B22}.Debug|Any CPU.ActiveCfg = Debug|Any CPU
		{B26655A8-72C8-4BE4-9E51-8EB53CEE4B22}.Debug|Any CPU.Build.0 = Debug|Any CPU
		{B26655A8-72C8-4BE4-9E51-8EB53CEE4B22}.Release|Any CPU.ActiveCfg = Release|Any CPU
		{B26655A8-72C8-4BE4-9E51-8EB53CEE4B22}.Release|Any CPU.Build.0 = Release|Any CPU
	EndGlobalSection
	GlobalSection(SolutionProperties) = preSolution
		HideSolutionNode = FALSE
	EndGlobalSection
	GlobalSection(ExtensibilityGlobals) = postSolution
		SolutionGuid = {66FE7B7E-19C7-41C2-BC6B-97D5A428D864}
	EndGlobalSection
EndGlobal
